// !$*UTF8*$!
{
	archiveVersion = 1;
	classes = {
	};
	objectVersion = 46;
	objects = {

/* Begin PBXBuildFile section */
		900270491C49606D00CB65E8 /* AutoCompleteTextField.swift in Sources */ = {isa = PBXBuildFile; fileRef = 900270481C49606D00CB65E8 /* AutoCompleteTextField.swift */; };
		903133EC1C98BB6900CB0754 /* CustomPaymentViewController.swift in Sources */ = {isa = PBXBuildFile; fileRef = 903133EB1C98BB6900CB0754 /* CustomPaymentViewController.swift */; };
		90429A6F1C7CA6E800967EF3 /* PaymentViewController.swift in Sources */ = {isa = PBXBuildFile; fileRef = 90429A6B1C7CA6E800967EF3 /* PaymentViewController.swift */; };
		9081C15E1C7BCE10007ACA5C /* DescriptionViewController.swift in Sources */ = {isa = PBXBuildFile; fileRef = 9081C15D1C7BCE10007ACA5C /* DescriptionViewController.swift */; };
		90C810B41C60191D008624CE /* TableViewController.swift in Sources */ = {isa = PBXBuildFile; fileRef = 90C810B31C60191D008624CE /* TableViewController.swift */; };
		C244A88D1BF1732A000CF306 /* AppDelegate.swift in Sources */ = {isa = PBXBuildFile; fileRef = C244A88C1BF1732A000CF306 /* AppDelegate.swift */; };
		C244A88F1BF1732A000CF306 /* ViewController.swift in Sources */ = {isa = PBXBuildFile; fileRef = C244A88E1BF1732A000CF306 /* ViewController.swift */; };
		C244A8921BF1732A000CF306 /* Main.storyboard in Resources */ = {isa = PBXBuildFile; fileRef = C244A8901BF1732A000CF306 /* Main.storyboard */; };
		C244A8941BF1732A000CF306 /* Assets.xcassets in Resources */ = {isa = PBXBuildFile; fileRef = C244A8931BF1732A000CF306 /* Assets.xcassets */; };
		C244A8971BF1732A000CF306 /* LaunchScreen.storyboard in Resources */ = {isa = PBXBuildFile; fileRef = C244A8951BF1732A000CF306 /* LaunchScreen.storyboard */; };
		C244A8A21BF1732A000CF306 /* AirBiteTests.swift in Sources */ = {isa = PBXBuildFile; fileRef = C244A8A11BF1732A000CF306 /* AirBiteTests.swift */; };
		C244A8AD1BF1732A000CF306 /* AirBiteUITests.swift in Sources */ = {isa = PBXBuildFile; fileRef = C244A8AC1BF1732A000CF306 /* AirBiteUITests.swift */; };
		C2B966BF1C84F7F40009BD1E /* AccordionMenuTableViewController.swift in Sources */ = {isa = PBXBuildFile; fileRef = C2B966BE1C84F7F40009BD1E /* AccordionMenuTableViewController.swift */; };
		C80695E9AD32A3D30B70FBD0 /* libPods.a in Frameworks */ = {isa = PBXBuildFile; fileRef = 4214CF0860A8DB6C62921E25 /* libPods.a */; };
/* End PBXBuildFile section */

/* Begin PBXContainerItemProxy section */
		C244A89E1BF1732A000CF306 /* PBXContainerItemProxy */ = {
			isa = PBXContainerItemProxy;
			containerPortal = C244A8811BF1732A000CF306 /* Project object */;
			proxyType = 1;
			remoteGlobalIDString = C244A8881BF1732A000CF306;
			remoteInfo = AirBite;
		};
		C244A8A91BF1732A000CF306 /* PBXContainerItemProxy */ = {
			isa = PBXContainerItemProxy;
			containerPortal = C244A8811BF1732A000CF306 /* Project object */;
			proxyType = 1;
			remoteGlobalIDString = C244A8881BF1732A000CF306;
			remoteInfo = AirBite;
		};
/* End PBXContainerItemProxy section */

/* Begin PBXFileReference section */
		4214CF0860A8DB6C62921E25 /* libPods.a */ = {isa = PBXFileReference; explicitFileType = archive.ar; includeInIndex = 0; path = libPods.a; sourceTree = BUILT_PRODUCTS_DIR; };
		900270481C49606D00CB65E8 /* AutoCompleteTextField.swift */ = {isa = PBXFileReference; fileEncoding = 4; lastKnownFileType = sourcecode.swift; name = AutoCompleteTextField.swift; path = AirBite/AutoCompleteTextField.swift; sourceTree = "<group>"; };
		903133EA1C98B83000CB0754 /* AirBite-Bridging-Header.h */ = {isa = PBXFileReference; lastKnownFileType = sourcecode.c.h; path = "AirBite-Bridging-Header.h"; sourceTree = "<group>"; };
		903133EB1C98BB6900CB0754 /* CustomPaymentViewController.swift */ = {isa = PBXFileReference; fileEncoding = 4; lastKnownFileType = sourcecode.swift; path = CustomPaymentViewController.swift; sourceTree = "<group>"; };
		90429A6B1C7CA6E800967EF3 /* PaymentViewController.swift */ = {isa = PBXFileReference; fileEncoding = 4; lastKnownFileType = sourcecode.swift; path = PaymentViewController.swift; sourceTree = "<group>"; };
		9081C15D1C7BCE10007ACA5C /* DescriptionViewController.swift */ = {isa = PBXFileReference; fileEncoding = 4; lastKnownFileType = sourcecode.swift; path = DescriptionViewController.swift; sourceTree = "<group>"; };
		9081C15F1C7CA609007ACA5C /* AirBite.entitlements */ = {isa = PBXFileReference; lastKnownFileType = text.xml; path = AirBite.entitlements; sourceTree = "<group>"; };
		90C810B31C60191D008624CE /* TableViewController.swift */ = {isa = PBXFileReference; fileEncoding = 4; lastKnownFileType = sourcecode.swift; path = TableViewController.swift; sourceTree = "<group>"; };
		9CAA163C5262211707A953D6 /* Pods.debug.xcconfig */ = {isa = PBXFileReference; includeInIndex = 1; lastKnownFileType = text.xcconfig; name = Pods.debug.xcconfig; path = "Pods/Target Support Files/Pods/Pods.debug.xcconfig"; sourceTree = "<group>"; };
		B5FD74A7034F6D4871C6A198 /* Pods.release.xcconfig */ = {isa = PBXFileReference; includeInIndex = 1; lastKnownFileType = text.xcconfig; name = Pods.release.xcconfig; path = "Pods/Target Support Files/Pods/Pods.release.xcconfig"; sourceTree = "<group>"; };
		C244A8891BF1732A000CF306 /* AirBite.app */ = {isa = PBXFileReference; explicitFileType = wrapper.application; includeInIndex = 0; path = AirBite.app; sourceTree = BUILT_PRODUCTS_DIR; };
		C244A88C1BF1732A000CF306 /* AppDelegate.swift */ = {isa = PBXFileReference; lastKnownFileType = sourcecode.swift; path = AppDelegate.swift; sourceTree = "<group>"; };
		C244A88E1BF1732A000CF306 /* ViewController.swift */ = {isa = PBXFileReference; lastKnownFileType = sourcecode.swift; path = ViewController.swift; sourceTree = "<group>"; };
		C244A8911BF1732A000CF306 /* Base */ = {isa = PBXFileReference; lastKnownFileType = file.storyboard; name = Base; path = Base.lproj/Main.storyboard; sourceTree = "<group>"; };
		C244A8931BF1732A000CF306 /* Assets.xcassets */ = {isa = PBXFileReference; lastKnownFileType = folder.assetcatalog; path = Assets.xcassets; sourceTree = "<group>"; };
		C244A8961BF1732A000CF306 /* Base */ = {isa = PBXFileReference; lastKnownFileType = file.storyboard; name = Base; path = Base.lproj/LaunchScreen.storyboard; sourceTree = "<group>"; };
		C244A8981BF1732A000CF306 /* Info.plist */ = {isa = PBXFileReference; lastKnownFileType = text.plist.xml; path = Info.plist; sourceTree = "<group>"; };
		C244A89D1BF1732A000CF306 /* AirBiteTests.xctest */ = {isa = PBXFileReference; explicitFileType = wrapper.cfbundle; includeInIndex = 0; path = AirBiteTests.xctest; sourceTree = BUILT_PRODUCTS_DIR; };
		C244A8A11BF1732A000CF306 /* AirBiteTests.swift */ = {isa = PBXFileReference; lastKnownFileType = sourcecode.swift; path = AirBiteTests.swift; sourceTree = "<group>"; };
		C244A8A31BF1732A000CF306 /* Info.plist */ = {isa = PBXFileReference; lastKnownFileType = text.plist.xml; path = Info.plist; sourceTree = "<group>"; };
		C244A8A81BF1732A000CF306 /* AirBiteUITests.xctest */ = {isa = PBXFileReference; explicitFileType = wrapper.cfbundle; includeInIndex = 0; path = AirBiteUITests.xctest; sourceTree = BUILT_PRODUCTS_DIR; };
		C244A8AC1BF1732A000CF306 /* AirBiteUITests.swift */ = {isa = PBXFileReference; lastKnownFileType = sourcecode.swift; path = AirBiteUITests.swift; sourceTree = "<group>"; };
		C244A8AE1BF1732A000CF306 /* Info.plist */ = {isa = PBXFileReference; lastKnownFileType = text.plist.xml; path = Info.plist; sourceTree = "<group>"; };
		C2B966BE1C84F7F40009BD1E /* AccordionMenuTableViewController.swift */ = {isa = PBXFileReference; fileEncoding = 4; lastKnownFileType = sourcecode.swift; path = AccordionMenuTableViewController.swift; sourceTree = "<group>"; };
/* End PBXFileReference section */

/* Begin PBXFrameworksBuildPhase section */
		C244A8861BF1732A000CF306 /* Frameworks */ = {
			isa = PBXFrameworksBuildPhase;
			buildActionMask = 2147483647;
			files = (
				C80695E9AD32A3D30B70FBD0 /* libPods.a in Frameworks */,
			);
			runOnlyForDeploymentPostprocessing = 0;
		};
		C244A89A1BF1732A000CF306 /* Frameworks */ = {
			isa = PBXFrameworksBuildPhase;
			buildActionMask = 2147483647;
			files = (
			);
			runOnlyForDeploymentPostprocessing = 0;
		};
		C244A8A51BF1732A000CF306 /* Frameworks */ = {
			isa = PBXFrameworksBuildPhase;
			buildActionMask = 2147483647;
			files = (
			);
			runOnlyForDeploymentPostprocessing = 0;
		};
/* End PBXFrameworksBuildPhase section */

/* Begin PBXGroup section */
		640407B72DAE89328B368F16 /* Pods */ = {
			isa = PBXGroup;
			children = (
				9CAA163C5262211707A953D6 /* Pods.debug.xcconfig */,
				B5FD74A7034F6D4871C6A198 /* Pods.release.xcconfig */,
			);
			name = Pods;
			sourceTree = "<group>";
		};
		9002704A1C49698100CB65E8 /* AutoCompleteTextField */ = {
			isa = PBXGroup;
			children = (
				900270481C49606D00CB65E8 /* AutoCompleteTextField.swift */,
			);
			name = AutoCompleteTextField;
			sourceTree = "<group>";
		};
		BC3D1B9DCBE105FBA5024B7D /* Frameworks */ = {
			isa = PBXGroup;
			children = (
				4214CF0860A8DB6C62921E25 /* libPods.a */,
			);
			name = Frameworks;
			sourceTree = "<group>";
		};
		C244A8801BF1732A000CF306 = {
			isa = PBXGroup;
			children = (
				9002704A1C49698100CB65E8 /* AutoCompleteTextField */,
				C244A88B1BF1732A000CF306 /* AirBite */,
				C244A8A01BF1732A000CF306 /* AirBiteTests */,
				C244A8AB1BF1732A000CF306 /* AirBiteUITests */,
				C244A88A1BF1732A000CF306 /* Products */,
				640407B72DAE89328B368F16 /* Pods */,
				BC3D1B9DCBE105FBA5024B7D /* Frameworks */,
			);
			sourceTree = "<group>";
		};
		C244A88A1BF1732A000CF306 /* Products */ = {
			isa = PBXGroup;
			children = (
				C244A8891BF1732A000CF306 /* AirBite.app */,
				C244A89D1BF1732A000CF306 /* AirBiteTests.xctest */,
				C244A8A81BF1732A000CF306 /* AirBiteUITests.xctest */,
			);
			name = Products;
			sourceTree = "<group>";
		};
		C244A88B1BF1732A000CF306 /* AirBite */ = {
			isa = PBXGroup;
			children = (
				903133EB1C98BB6900CB0754 /* CustomPaymentViewController.swift */,
				903133EA1C98B83000CB0754 /* AirBite-Bridging-Header.h */,
				9081C15F1C7CA609007ACA5C /* AirBite.entitlements */,
				C244A8901BF1732A000CF306 /* Main.storyboard */,
				C244A88E1BF1732A000CF306 /* ViewController.swift */,
				90C810B31C60191D008624CE /* TableViewController.swift */,
				C2B966BE1C84F7F40009BD1E /* AccordionMenuTableViewController.swift */,
				9081C15D1C7BCE10007ACA5C /* DescriptionViewController.swift */,
				90429A6B1C7CA6E800967EF3 /* PaymentViewController.swift */,
				C244A8931BF1732A000CF306 /* Assets.xcassets */,
				C244A8951BF1732A000CF306 /* LaunchScreen.storyboard */,
				C244A8981BF1732A000CF306 /* Info.plist */,
				C244A88C1BF1732A000CF306 /* AppDelegate.swift */,
			);
			path = AirBite;
			sourceTree = "<group>";
		};
		C244A8A01BF1732A000CF306 /* AirBiteTests */ = {
			isa = PBXGroup;
			children = (
				C244A8A11BF1732A000CF306 /* AirBiteTests.swift */,
				C244A8A31BF1732A000CF306 /* Info.plist */,
			);
			path = AirBiteTests;
			sourceTree = "<group>";
		};
		C244A8AB1BF1732A000CF306 /* AirBiteUITests */ = {
			isa = PBXGroup;
			children = (
				C244A8AC1BF1732A000CF306 /* AirBiteUITests.swift */,
				C244A8AE1BF1732A000CF306 /* Info.plist */,
			);
			path = AirBiteUITests;
			sourceTree = "<group>";
		};
/* End PBXGroup section */

/* Begin PBXNativeTarget section */
		C244A8881BF1732A000CF306 /* AirBite */ = {
			isa = PBXNativeTarget;
			buildConfigurationList = C244A8B11BF1732A000CF306 /* Build configuration list for PBXNativeTarget "AirBite" */;
			buildPhases = (
				23A29A4089312DFA510B3657 /* Check Pods Manifest.lock */,
				C244A8851BF1732A000CF306 /* Sources */,
				C244A8861BF1732A000CF306 /* Frameworks */,
				C244A8871BF1732A000CF306 /* Resources */,
				970C1756EF79E688C09BB841 /* Embed Pods Frameworks */,
				D2C1D3DCD853B09C267E425D /* Copy Pods Resources */,
			);
			buildRules = (
			);
			dependencies = (
			);
			name = AirBite;
			productName = AirBite;
			productReference = C244A8891BF1732A000CF306 /* AirBite.app */;
			productType = "com.apple.product-type.application";
		};
		C244A89C1BF1732A000CF306 /* AirBiteTests */ = {
			isa = PBXNativeTarget;
			buildConfigurationList = C244A8B41BF1732A000CF306 /* Build configuration list for PBXNativeTarget "AirBiteTests" */;
			buildPhases = (
				C244A8991BF1732A000CF306 /* Sources */,
				C244A89A1BF1732A000CF306 /* Frameworks */,
				C244A89B1BF1732A000CF306 /* Resources */,
			);
			buildRules = (
			);
			dependencies = (
				C244A89F1BF1732A000CF306 /* PBXTargetDependency */,
			);
			name = AirBiteTests;
			productName = AirBiteTests;
			productReference = C244A89D1BF1732A000CF306 /* AirBiteTests.xctest */;
			productType = "com.apple.product-type.bundle.unit-test";
		};
		C244A8A71BF1732A000CF306 /* AirBiteUITests */ = {
			isa = PBXNativeTarget;
			buildConfigurationList = C244A8B71BF1732A000CF306 /* Build configuration list for PBXNativeTarget "AirBiteUITests" */;
			buildPhases = (
				C244A8A41BF1732A000CF306 /* Sources */,
				C244A8A51BF1732A000CF306 /* Frameworks */,
				C244A8A61BF1732A000CF306 /* Resources */,
			);
			buildRules = (
			);
			dependencies = (
				C244A8AA1BF1732A000CF306 /* PBXTargetDependency */,
			);
			name = AirBiteUITests;
			productName = AirBiteUITests;
			productReference = C244A8A81BF1732A000CF306 /* AirBiteUITests.xctest */;
			productType = "com.apple.product-type.bundle.ui-testing";
		};
/* End PBXNativeTarget section */

/* Begin PBXProject section */
		C244A8811BF1732A000CF306 /* Project object */ = {
			isa = PBXProject;
			attributes = {
				LastSwiftUpdateCheck = 0720;
				LastUpgradeCheck = 0720;
				ORGANIZATIONNAME = "Eren Corapcioglu";
				TargetAttributes = {
					C244A8881BF1732A000CF306 = {
						CreatedOnToolsVersion = 7.2;
						DevelopmentTeam = Q8Y835U42W;
						SystemCapabilities = {
							com.apple.OMC = {
								enabled = 1;
							};
						};
					};
					C244A89C1BF1732A000CF306 = {
						CreatedOnToolsVersion = 7.2;
						TestTargetID = C244A8881BF1732A000CF306;
					};
					C244A8A71BF1732A000CF306 = {
						CreatedOnToolsVersion = 7.2;
						TestTargetID = C244A8881BF1732A000CF306;
					};
				};
			};
			buildConfigurationList = C244A8841BF1732A000CF306 /* Build configuration list for PBXProject "AirBite" */;
			compatibilityVersion = "Xcode 3.2";
			developmentRegion = English;
			hasScannedForEncodings = 0;
			knownRegions = (
				en,
				Base,
			);
			mainGroup = C244A8801BF1732A000CF306;
			productRefGroup = C244A88A1BF1732A000CF306 /* Products */;
			projectDirPath = "";
			projectRoot = "";
			targets = (
				C244A8881BF1732A000CF306 /* AirBite */,
				C244A89C1BF1732A000CF306 /* AirBiteTests */,
				C244A8A71BF1732A000CF306 /* AirBiteUITests */,
			);
		};
/* End PBXProject section */

/* Begin PBXResourcesBuildPhase section */
		C244A8871BF1732A000CF306 /* Resources */ = {
			isa = PBXResourcesBuildPhase;
			buildActionMask = 2147483647;
			files = (
				C244A8971BF1732A000CF306 /* LaunchScreen.storyboard in Resources */,
				C244A8941BF1732A000CF306 /* Assets.xcassets in Resources */,
				C244A8921BF1732A000CF306 /* Main.storyboard in Resources */,
			);
			runOnlyForDeploymentPostprocessing = 0;
		};
		C244A89B1BF1732A000CF306 /* Resources */ = {
			isa = PBXResourcesBuildPhase;
			buildActionMask = 2147483647;
			files = (
			);
			runOnlyForDeploymentPostprocessing = 0;
		};
		C244A8A61BF1732A000CF306 /* Resources */ = {
			isa = PBXResourcesBuildPhase;
			buildActionMask = 2147483647;
			files = (
			);
			runOnlyForDeploymentPostprocessing = 0;
		};
/* End PBXResourcesBuildPhase section */

/* Begin PBXShellScriptBuildPhase section */
		23A29A4089312DFA510B3657 /* Check Pods Manifest.lock */ = {
			isa = PBXShellScriptBuildPhase;
			buildActionMask = 2147483647;
			files = (
			);
			inputPaths = (
			);
			name = "Check Pods Manifest.lock";
			outputPaths = (
			);
			runOnlyForDeploymentPostprocessing = 0;
			shellPath = /bin/sh;
			shellScript = "diff \"${PODS_ROOT}/../Podfile.lock\" \"${PODS_ROOT}/Manifest.lock\" > /dev/null\nif [[ $? != 0 ]] ; then\n    cat << EOM\nerror: The sandbox is not in sync with the Podfile.lock. Run 'pod install' or update your CocoaPods installation.\nEOM\n    exit 1\nfi\n";
			showEnvVarsInLog = 0;
		};
		970C1756EF79E688C09BB841 /* Embed Pods Frameworks */ = {
			isa = PBXShellScriptBuildPhase;
			buildActionMask = 2147483647;
			files = (
			);
			inputPaths = (
			);
			name = "Embed Pods Frameworks";
			outputPaths = (
			);
			runOnlyForDeploymentPostprocessing = 0;
			shellPath = /bin/sh;
			shellScript = "\"${SRCROOT}/Pods/Target Support Files/Pods/Pods-frameworks.sh\"\n";
			showEnvVarsInLog = 0;
		};
		D2C1D3DCD853B09C267E425D /* Copy Pods Resources */ = {
			isa = PBXShellScriptBuildPhase;
			buildActionMask = 2147483647;
			files = (
			);
			inputPaths = (
			);
			name = "Copy Pods Resources";
			outputPaths = (
			);
			runOnlyForDeploymentPostprocessing = 0;
			shellPath = /bin/sh;
			shellScript = "\"${SRCROOT}/Pods/Target Support Files/Pods/Pods-resources.sh\"\n";
			showEnvVarsInLog = 0;
		};
/* End PBXShellScriptBuildPhase section */

/* Begin PBXSourcesBuildPhase section */
		C244A8851BF1732A000CF306 /* Sources */ = {
			isa = PBXSourcesBuildPhase;
			buildActionMask = 2147483647;
			files = (
				900270491C49606D00CB65E8 /* AutoCompleteTextField.swift in Sources */,
				9081C15E1C7BCE10007ACA5C /* DescriptionViewController.swift in Sources */,
				90429A6F1C7CA6E800967EF3 /* PaymentViewController.swift in Sources */,
				C244A88F1BF1732A000CF306 /* ViewController.swift in Sources */,
				903133EC1C98BB6900CB0754 /* CustomPaymentViewController.swift in Sources */,
				C244A88D1BF1732A000CF306 /* AppDelegate.swift in Sources */,
				90C810B41C60191D008624CE /* TableViewController.swift in Sources */,
				C2B966BF1C84F7F40009BD1E /* AccordionMenuTableViewController.swift in Sources */,
			);
			runOnlyForDeploymentPostprocessing = 0;
		};
		C244A8991BF1732A000CF306 /* Sources */ = {
			isa = PBXSourcesBuildPhase;
			buildActionMask = 2147483647;
			files = (
				C244A8A21BF1732A000CF306 /* AirBiteTests.swift in Sources */,
			);
			runOnlyForDeploymentPostprocessing = 0;
		};
		C244A8A41BF1732A000CF306 /* Sources */ = {
			isa = PBXSourcesBuildPhase;
			buildActionMask = 2147483647;
			files = (
				C244A8AD1BF1732A000CF306 /* AirBiteUITests.swift in Sources */,
			);
			runOnlyForDeploymentPostprocessing = 0;
		};
/* End PBXSourcesBuildPhase section */

/* Begin PBXTargetDependency section */
		C244A89F1BF1732A000CF306 /* PBXTargetDependency */ = {
			isa = PBXTargetDependency;
			target = C244A8881BF1732A000CF306 /* AirBite */;
			targetProxy = C244A89E1BF1732A000CF306 /* PBXContainerItemProxy */;
		};
		C244A8AA1BF1732A000CF306 /* PBXTargetDependency */ = {
			isa = PBXTargetDependency;
			target = C244A8881BF1732A000CF306 /* AirBite */;
			targetProxy = C244A8A91BF1732A000CF306 /* PBXContainerItemProxy */;
		};
/* End PBXTargetDependency section */

/* Begin PBXVariantGroup section */
		C244A8901BF1732A000CF306 /* Main.storyboard */ = {
			isa = PBXVariantGroup;
			children = (
				C244A8911BF1732A000CF306 /* Base */,
			);
			name = Main.storyboard;
			sourceTree = "<group>";
		};
		C244A8951BF1732A000CF306 /* LaunchScreen.storyboard */ = {
			isa = PBXVariantGroup;
			children = (
				C244A8961BF1732A000CF306 /* Base */,
			);
			name = LaunchScreen.storyboard;
			sourceTree = "<group>";
		};
/* End PBXVariantGroup section */

/* Begin XCBuildConfiguration section */
		C244A8AF1BF1732A000CF306 /* Debug */ = {
			isa = XCBuildConfiguration;
			buildSettings = {
				ALWAYS_SEARCH_USER_PATHS = NO;
				CLANG_CXX_LANGUAGE_STANDARD = "gnu++0x";
				CLANG_CXX_LIBRARY = "libc++";
				CLANG_ENABLE_MODULES = YES;
				CLANG_ENABLE_OBJC_ARC = YES;
				CLANG_WARN_BOOL_CONVERSION = YES;
				CLANG_WARN_CONSTANT_CONVERSION = YES;
				CLANG_WARN_DIRECT_OBJC_ISA_USAGE = YES_ERROR;
				CLANG_WARN_EMPTY_BODY = YES;
				CLANG_WARN_ENUM_CONVERSION = YES;
				CLANG_WARN_INT_CONVERSION = YES;
				CLANG_WARN_OBJC_ROOT_CLASS = YES_ERROR;
				CLANG_WARN_UNREACHABLE_CODE = YES;
				CLANG_WARN__DUPLICATE_METHOD_MATCH = YES;
				"CODE_SIGN_IDENTITY[sdk=iphoneos*]" = "iPhone Developer";
				COPY_PHASE_STRIP = NO;
				DEBUG_INFORMATION_FORMAT = dwarf;
				ENABLE_STRICT_OBJC_MSGSEND = YES;
				ENABLE_TESTABILITY = YES;
				GCC_C_LANGUAGE_STANDARD = gnu99;
				GCC_DYNAMIC_NO_PIC = NO;
				GCC_NO_COMMON_BLOCKS = YES;
				GCC_OPTIMIZATION_LEVEL = 0;
				GCC_PREPROCESSOR_DEFINITIONS = (
					"DEBUG=1",
					"$(inherited)",
				);
				GCC_WARN_64_TO_32_BIT_CONVERSION = YES;
				GCC_WARN_ABOUT_RETURN_TYPE = YES_ERROR;
				GCC_WARN_UNDECLARED_SELECTOR = YES;
				GCC_WARN_UNINITIALIZED_AUTOS = YES_AGGRESSIVE;
				GCC_WARN_UNUSED_FUNCTION = YES;
				GCC_WARN_UNUSED_VARIABLE = YES;
				IPHONEOS_DEPLOYMENT_TARGET = 9.2;
				MTL_ENABLE_DEBUG_INFO = YES;
				ONLY_ACTIVE_ARCH = YES;
				SDKROOT = iphoneos;
				SWIFT_OPTIMIZATION_LEVEL = "-Onone";
			};
			name = Debug;
		};
		C244A8B01BF1732A000CF306 /* Release */ = {
			isa = XCBuildConfiguration;
			buildSettings = {
				ALWAYS_SEARCH_USER_PATHS = NO;
				CLANG_CXX_LANGUAGE_STANDARD = "gnu++0x";
				CLANG_CXX_LIBRARY = "libc++";
				CLANG_ENABLE_MODULES = YES;
				CLANG_ENABLE_OBJC_ARC = YES;
				CLANG_WARN_BOOL_CONVERSION = YES;
				CLANG_WARN_CONSTANT_CONVERSION = YES;
				CLANG_WARN_DIRECT_OBJC_ISA_USAGE = YES_ERROR;
				CLANG_WARN_EMPTY_BODY = YES;
				CLANG_WARN_ENUM_CONVERSION = YES;
				CLANG_WARN_INT_CONVERSION = YES;
				CLANG_WARN_OBJC_ROOT_CLASS = YES_ERROR;
				CLANG_WARN_UNREACHABLE_CODE = YES;
				CLANG_WARN__DUPLICATE_METHOD_MATCH = YES;
				"CODE_SIGN_IDENTITY[sdk=iphoneos*]" = "iPhone Developer";
				COPY_PHASE_STRIP = NO;
				DEBUG_INFORMATION_FORMAT = "dwarf-with-dsym";
				ENABLE_NS_ASSERTIONS = NO;
				ENABLE_STRICT_OBJC_MSGSEND = YES;
				GCC_C_LANGUAGE_STANDARD = gnu99;
				GCC_NO_COMMON_BLOCKS = YES;
				GCC_WARN_64_TO_32_BIT_CONVERSION = YES;
				GCC_WARN_ABOUT_RETURN_TYPE = YES_ERROR;
				GCC_WARN_UNDECLARED_SELECTOR = YES;
				GCC_WARN_UNINITIALIZED_AUTOS = YES_AGGRESSIVE;
				GCC_WARN_UNUSED_FUNCTION = YES;
				GCC_WARN_UNUSED_VARIABLE = YES;
				IPHONEOS_DEPLOYMENT_TARGET = 9.2;
				MTL_ENABLE_DEBUG_INFO = NO;
				SDKROOT = iphoneos;
				VALIDATE_PRODUCT = YES;
			};
			name = Release;
		};
		C244A8B21BF1732A000CF306 /* Debug */ = {
			isa = XCBuildConfiguration;
			baseConfigurationReference = 9CAA163C5262211707A953D6 /* Pods.debug.xcconfig */;
			buildSettings = {
				ASSETCATALOG_COMPILER_APPICON_NAME = AppIcon;
				CODE_SIGN_ENTITLEMENTS = AirBite/AirBite.entitlements;
				CODE_SIGN_IDENTITY = "iPhone Developer";
				"CODE_SIGN_IDENTITY[sdk=iphoneos*]" = "iPhone Developer";
				INFOPLIST_FILE = AirBite/Info.plist;
				IPHONEOS_DEPLOYMENT_TARGET = 9.1;
				LD_RUNPATH_SEARCH_PATHS = "$(inherited) @executable_path/Frameworks";
				PRODUCT_BUNDLE_IDENTIFIER = LSUS.AirBiteApp;
				PRODUCT_NAME = "$(TARGET_NAME)";
				PROVISIONING_PROFILE = "";
				TARGETED_DEVICE_FAMILY = 1;
			};
			name = Debug;
		};
		C244A8B31BF1732A000CF306 /* Release */ = {
			isa = XCBuildConfiguration;
			baseConfigurationReference = B5FD74A7034F6D4871C6A198 /* Pods.release.xcconfig */;
			buildSettings = {
				ASSETCATALOG_COMPILER_APPICON_NAME = AppIcon;
				CODE_SIGN_ENTITLEMENTS = AirBite/AirBite.entitlements;
				CODE_SIGN_IDENTITY = "iPhone Developer";
				"CODE_SIGN_IDENTITY[sdk=iphoneos*]" = "iPhone Developer";
				INFOPLIST_FILE = AirBite/Info.plist;
				IPHONEOS_DEPLOYMENT_TARGET = 9.1;
				LD_RUNPATH_SEARCH_PATHS = "$(inherited) @executable_path/Frameworks";
				PRODUCT_BUNDLE_IDENTIFIER = LSUS.AirBiteApp;
				PRODUCT_NAME = "$(TARGET_NAME)";
				PROVISIONING_PROFILE = "";
				TARGETED_DEVICE_FAMILY = 1;
			};
			name = Release;
		};
		C244A8B51BF1732A000CF306 /* Debug */ = {
			isa = XCBuildConfiguration;
			buildSettings = {
				BUNDLE_LOADER = "$(TEST_HOST)";
				INFOPLIST_FILE = AirBiteTests/Info.plist;
				LD_RUNPATH_SEARCH_PATHS = "$(inherited) @executable_path/Frameworks @loader_path/Frameworks";
				PRODUCT_BUNDLE_IDENTIFIER = LSUS.AirBiteTests;
				PRODUCT_NAME = "$(TARGET_NAME)";
				TEST_HOST = "$(BUILT_PRODUCTS_DIR)/AirBite.app/AirBite";
			};
			name = Debug;
		};
		C244A8B61BF1732A000CF306 /* Release */ = {
			isa = XCBuildConfiguration;
			buildSettings = {
				BUNDLE_LOADER = "$(TEST_HOST)";
				INFOPLIST_FILE = AirBiteTests/Info.plist;
				LD_RUNPATH_SEARCH_PATHS = "$(inherited) @executable_path/Frameworks @loader_path/Frameworks";
				PRODUCT_BUNDLE_IDENTIFIER = LSUS.AirBiteTests;
				PRODUCT_NAME = "$(TARGET_NAME)";
				TEST_HOST = "$(BUILT_PRODUCTS_DIR)/AirBite.app/AirBite";
			};
			name = Release;
		};
		C244A8B81BF1732A000CF306 /* Debug */ = {
			isa = XCBuildConfiguration;
			buildSettings = {
				INFOPLIST_FILE = AirBiteUITests/Info.plist;
				LD_RUNPATH_SEARCH_PATHS = "$(inherited) @executable_path/Frameworks @loader_path/Frameworks";
				PRODUCT_BUNDLE_IDENTIFIER = LSUS.AirBiteUITests;
				PRODUCT_NAME = "$(TARGET_NAME)";
				TEST_TARGET_NAME = AirBite;
				USES_XCTRUNNER = YES;
			};
			name = Debug;
		};
		C244A8B91BF1732A000CF306 /* Release */ = {
			isa = XCBuildConfiguration;
			buildSettings = {
				INFOPLIST_FILE = AirBiteUITests/Info.plist;
				LD_RUNPATH_SEARCH_PATHS = "$(inherited) @executable_path/Frameworks @loader_path/Frameworks";
				PRODUCT_BUNDLE_IDENTIFIER = LSUS.AirBiteUITests;
				PRODUCT_NAME = "$(TARGET_NAME)";
				TEST_TARGET_NAME = AirBite;
				USES_XCTRUNNER = YES;
			};
			name = Release;
		};
/* End XCBuildConfiguration section */

/* Begin XCConfigurationList section */
		C244A8841BF1732A000CF306 /* Build configuration list for PBXProject "AirBite" */ = {
			isa = XCConfigurationList;
			buildConfigurations = (
				C244A8AF1BF1732A000CF306 /* Debug */,
				C244A8B01BF1732A000CF306 /* Release */,
			);
			defaultConfigurationIsVisible = 0;
			defaultConfigurationName = Release;
		};
		C244A8B11BF1732A000CF306 /* Build configuration list for PBXNativeTarget "AirBite" */ = {
			isa = XCConfigurationList;
			buildConfigurations = (
				C244A8B21BF1732A000CF306 /* Debug */,
				C244A8B31BF1732A000CF306 /* Release */,
			);
			defaultConfigurationIsVisible = 0;
			defaultConfigurationName = Release;
		};
		C244A8B41BF1732A000CF306 /* Build configuration list for PBXNativeTarget "AirBiteTests" */ = {
			isa = XCConfigurationList;
			buildConfigurations = (
				C244A8B51BF1732A000CF306 /* Debug */,
				C244A8B61BF1732A000CF306 /* Release */,
			);
			defaultConfigurationIsVisible = 0;
			defaultConfigurationName = Release;
		};
		C244A8B71BF1732A000CF306 /* Build configuration list for PBXNativeTarget "AirBiteUITests" */ = {
			isa = XCConfigurationList;
			buildConfigurations = (
				C244A8B81BF1732A000CF306 /* Debug */,
				C244A8B91BF1732A000CF306 /* Release */,
			);
			defaultConfigurationIsVisible = 0;
			defaultConfigurationName = Release;
		};
/* End XCConfigurationList section */
	};
	rootObject = C244A8811BF1732A000CF306 /* Project object */;
}
